// !$*UTF8*$!
{
	archiveVersion = 1;
	classes = {
	};
	objectVersion = 46;
	objects = {

/* Begin PBXBuildFile section */
		7DC2DDC51AAFC18D00EE84B0 /* main.m in Sources */ = {isa = PBXBuildFile; fileRef = 7DC2DDC41AAFC18D00EE84B0 /* main.m */; };
		7DC2DDC81AAFC18D00EE84B0 /* AppDelegate.m in Sources */ = {isa = PBXBuildFile; fileRef = 7DC2DDC71AAFC18D00EE84B0 /* AppDelegate.m */; };
		7DC2DDCB1AAFC18D00EE84B0 /* ViewController.m in Sources */ = {isa = PBXBuildFile; fileRef = 7DC2DDCA1AAFC18D00EE84B0 /* ViewController.m */; };
		7DC2DDCE1AAFC18D00EE84B0 /* Main.storyboard in Resources */ = {isa = PBXBuildFile; fileRef = 7DC2DDCC1AAFC18D00EE84B0 /* Main.storyboard */; };
		7DC2DDD01AAFC18D00EE84B0 /* Images.xcassets in Resources */ = {isa = PBXBuildFile; fileRef = 7DC2DDCF1AAFC18D00EE84B0 /* Images.xcassets */; };
		7DC2DDD31AAFC18D00EE84B0 /* LaunchScreen.xib in Resources */ = {isa = PBXBuildFile; fileRef = 7DC2DDD11AAFC18D00EE84B0 /* LaunchScreen.xib */; };
		7DC2DDDF1AAFC18D00EE84B0 /* _____Tests.m in Sources */ = {isa = PBXBuildFile; fileRef = 7DC2DDDE1AAFC18D00EE84B0 /* _____Tests.m */; };
		7DC2DDED1AAFC2BE00EE84B0 /* JHLoginViewController.m in Sources */ = {isa = PBXBuildFile; fileRef = 7DC2DDEC1AAFC2BE00EE84B0 /* JHLoginViewController.m */; };
		7DC2DDF01AAFC2D700EE84B0 /* JHAddViewController.m in Sources */ = {isa = PBXBuildFile; fileRef = 7DC2DDEF1AAFC2D700EE84B0 /* JHAddViewController.m */; };
		7DC2DDF31AAFC2EA00EE84B0 /* JHEditViewController.m in Sources */ = {isa = PBXBuildFile; fileRef = 7DC2DDF21AAFC2EA00EE84B0 /* JHEditViewController.m */; };
		7DC2DDF61AAFC32700EE84B0 /* JHContatesViewController.m in Sources */ = {isa = PBXBuildFile; fileRef = 7DC2DDF51AAFC32700EE84B0 /* JHContatesViewController.m */; };
		7DC2DDFA1AAFE0EA00EE84B0 /* MBProgressHUD.m in Sources */ = {isa = PBXBuildFile; fileRef = 7DC2DDF91AAFE0EA00EE84B0 /* MBProgressHUD.m */; };
		7DC2DDFD1AAFE12700EE84B0 /* MBProgressHUD+JH.m in Sources */ = {isa = PBXBuildFile; fileRef = 7DC2DDFC1AAFE12700EE84B0 /* MBProgressHUD+JH.m */; };
		7DC2DE001AAFFBAD00EE84B0 /* NJContatc.m in Sources */ = {isa = PBXBuildFile; fileRef = 7DC2DDFF1AAFFBAD00EE84B0 /* NJContatc.m */; };
		7DC5F8FA1AB05970004F07D3 /* JHTableViewCell.m in Sources */ = {isa = PBXBuildFile; fileRef = 7DC5F8F91AB05970004F07D3 /* JHTableViewCell.m */; };
/* End PBXBuildFile section */

/* Begin PBXContainerItemProxy section */
		7DC2DDD91AAFC18D00EE84B0 /* PBXContainerItemProxy */ = {
			isa = PBXContainerItemProxy;
			containerPortal = 7DC2DDB71AAFC18D00EE84B0 /* Project object */;
			proxyType = 1;
			remoteGlobalIDString = 7DC2DDBE1AAFC18D00EE84B0;
			remoteInfo = "私人通讯录";
		};
/* End PBXContainerItemProxy section */

/* Begin PBXFileReference section */
		7DC2DDBF1AAFC18D00EE84B0 /* 私人通讯录.app */ = {isa = PBXFileReference; explicitFileType = wrapper.application; includeInIndex = 0; path = "私人通讯录.app"; sourceTree = BUILT_PRODUCTS_DIR; };
		7DC2DDC31AAFC18D00EE84B0 /* Info.plist */ = {isa = PBXFileReference; lastKnownFileType = text.plist.xml; path = Info.plist; sourceTree = "<group>"; };
		7DC2DDC41AAFC18D00EE84B0 /* main.m */ = {isa = PBXFileReference; lastKnownFileType = sourcecode.c.objc; path = main.m; sourceTree = "<group>"; };
		7DC2DDC61AAFC18D00EE84B0 /* AppDelegate.h */ = {isa = PBXFileReference; lastKnownFileType = sourcecode.c.h; path = AppDelegate.h; sourceTree = "<group>"; };
		7DC2DDC71AAFC18D00EE84B0 /* AppDelegate.m */ = {isa = PBXFileReference; lastKnownFileType = sourcecode.c.objc; path = AppDelegate.m; sourceTree = "<group>"; };
		7DC2DDC91AAFC18D00EE84B0 /* ViewController.h */ = {isa = PBXFileReference; lastKnownFileType = sourcecode.c.h; path = ViewController.h; sourceTree = "<group>"; };
		7DC2DDCA1AAFC18D00EE84B0 /* ViewController.m */ = {isa = PBXFileReference; lastKnownFileType = sourcecode.c.objc; path = ViewController.m; sourceTree = "<group>"; };
		7DC2DDCD1AAFC18D00EE84B0 /* Base */ = {isa = PBXFileReference; lastKnownFileType = file.storyboard; name = Base; path = Base.lproj/Main.storyboard; sourceTree = "<group>"; };
		7DC2DDCF1AAFC18D00EE84B0 /* Images.xcassets */ = {isa = PBXFileReference; lastKnownFileType = folder.assetcatalog; path = Images.xcassets; sourceTree = "<group>"; };
		7DC2DDD21AAFC18D00EE84B0 /* Base */ = {isa = PBXFileReference; lastKnownFileType = file.xib; name = Base; path = Base.lproj/LaunchScreen.xib; sourceTree = "<group>"; };
		7DC2DDD81AAFC18D00EE84B0 /* 私人通讯录Tests.xctest */ = {isa = PBXFileReference; explicitFileType = wrapper.cfbundle; includeInIndex = 0; path = "私人通讯录Tests.xctest"; sourceTree = BUILT_PRODUCTS_DIR; };
		7DC2DDDD1AAFC18D00EE84B0 /* Info.plist */ = {isa = PBXFileReference; lastKnownFileType = text.plist.xml; path = Info.plist; sourceTree = "<group>"; };
		7DC2DDDE1AAFC18D00EE84B0 /* _____Tests.m */ = {isa = PBXFileReference; lastKnownFileType = sourcecode.c.objc; path = "_____Tests.m"; sourceTree = "<group>"; };
		7DC2DDEB1AAFC2BE00EE84B0 /* JHLoginViewController.h */ = {isa = PBXFileReference; fileEncoding = 4; lastKnownFileType = sourcecode.c.h; path = JHLoginViewController.h; sourceTree = "<group>"; };
		7DC2DDEC1AAFC2BE00EE84B0 /* JHLoginViewController.m */ = {isa = PBXFileReference; fileEncoding = 4; lastKnownFileType = sourcecode.c.objc; path = JHLoginViewController.m; sourceTree = "<group>"; };
		7DC2DDEE1AAFC2D700EE84B0 /* JHAddViewController.h */ = {isa = PBXFileReference; fileEncoding = 4; lastKnownFileType = sourcecode.c.h; path = JHAddViewController.h; sourceTree = "<group>"; };
		7DC2DDEF1AAFC2D700EE84B0 /* JHAddViewController.m */ = {isa = PBXFileReference; fileEncoding = 4; lastKnownFileType = sourcecode.c.objc; path = JHAddViewController.m; sourceTree = "<group>"; };
		7DC2DDF11AAFC2EA00EE84B0 /* JHEditViewController.h */ = {isa = PBXFileReference; fileEncoding = 4; lastKnownFileType = sourcecode.c.h; path = JHEditViewController.h; sourceTree = "<group>"; };
		7DC2DDF21AAFC2EA00EE84B0 /* JHEditViewController.m */ = {isa = PBXFileReference; fileEncoding = 4; lastKnownFileType = sourcecode.c.objc; path = JHEditViewController.m; sourceTree = "<group>"; };
		7DC2DDF41AAFC32700EE84B0 /* JHContatesViewController.h */ = {isa = PBXFileReference; fileEncoding = 4; lastKnownFileType = sourcecode.c.h; path = JHContatesViewController.h; sourceTree = "<group>"; };
		7DC2DDF51AAFC32700EE84B0 /* JHContatesViewController.m */ = {isa = PBXFileReference; fileEncoding = 4; lastKnownFileType = sourcecode.c.objc; path = JHContatesViewController.m; sourceTree = "<group>"; };
		7DC2DDF81AAFE0EA00EE84B0 /* MBProgressHUD.h */ = {isa = PBXFileReference; fileEncoding = 4; lastKnownFileType = sourcecode.c.h; path = MBProgressHUD.h; sourceTree = "<group>"; };
		7DC2DDF91AAFE0EA00EE84B0 /* MBProgressHUD.m */ = {isa = PBXFileReference; fileEncoding = 4; lastKnownFileType = sourcecode.c.objc; path = MBProgressHUD.m; sourceTree = "<group>"; };
		7DC2DDFB1AAFE12700EE84B0 /* MBProgressHUD+JH.h */ = {isa = PBXFileReference; fileEncoding = 4; lastKnownFileType = sourcecode.c.h; path = "MBProgressHUD+JH.h"; sourceTree = "<group>"; };
		7DC2DDFC1AAFE12700EE84B0 /* MBProgressHUD+JH.m */ = {isa = PBXFileReference; fileEncoding = 4; lastKnownFileType = sourcecode.c.objc; path = "MBProgressHUD+JH.m"; sourceTree = "<group>"; };
		7DC2DDFE1AAFFBAD00EE84B0 /* NJContatc.h */ = {isa = PBXFileReference; fileEncoding = 4; lastKnownFileType = sourcecode.c.h; path = NJContatc.h; sourceTree = "<group>"; };
		7DC2DDFF1AAFFBAD00EE84B0 /* NJContatc.m */ = {isa = PBXFileReference; fileEncoding = 4; lastKnownFileType = sourcecode.c.objc; path = NJContatc.m; sourceTree = "<group>"; };
		7DC5F8F81AB05970004F07D3 /* JHTableViewCell.h */ = {isa = PBXFileReference; fileEncoding = 4; lastKnownFileType = sourcecode.c.h; path = JHTableViewCell.h; sourceTree = "<group>"; };
		7DC5F8F91AB05970004F07D3 /* JHTableViewCell.m */ = {isa = PBXFileReference; fileEncoding = 4; lastKnownFileType = sourcecode.c.objc; path = JHTableViewCell.m; sourceTree = "<group>"; };
/* End PBXFileReference section */

/* Begin PBXFrameworksBuildPhase section */
		7DC2DDBC1AAFC18D00EE84B0 /* Frameworks */ = {
			isa = PBXFrameworksBuildPhase;
			buildActionMask = 2147483647;
			files = (
			);
			runOnlyForDeploymentPostprocessing = 0;
		};
		7DC2DDD51AAFC18D00EE84B0 /* Frameworks */ = {
			isa = PBXFrameworksBuildPhase;
			buildActionMask = 2147483647;
			files = (
			);
			runOnlyForDeploymentPostprocessing = 0;
		};
/* End PBXFrameworksBuildPhase section */

/* Begin PBXGroup section */
		7DC2DDB61AAFC18D00EE84B0 = {
			isa = PBXGroup;
			children = (
				7DC2DDC11AAFC18D00EE84B0 /* 私人通讯录 */,
				7DC2DDDB1AAFC18D00EE84B0 /* 私人通讯录Tests */,
				7DC2DDC01AAFC18D00EE84B0 /* Products */,
			);
			sourceTree = "<group>";
		};
		7DC2DDC01AAFC18D00EE84B0 /* Products */ = {
			isa = PBXGroup;
			children = (
				7DC2DDBF1AAFC18D00EE84B0 /* 私人通讯录.app */,
				7DC2DDD81AAFC18D00EE84B0 /* 私人通讯录Tests.xctest */,
			);
			name = Products;
			sourceTree = "<group>";
		};
		7DC2DDC11AAFC18D00EE84B0 /* 私人通讯录 */ = {
			isa = PBXGroup;
			children = (
				7DC2DDF71AAFE09C00EE84B0 /* MBProgressHUD */,
				7DC2DDEA1AAFC28A00EE84B0 /* Other */,
				7DC2DDE91AAFC27F00EE84B0 /* Controller */,
				7DC2DDE81AAFC27600EE84B0 /* Model */,
				7DC2DDCF1AAFC18D00EE84B0 /* Images.xcassets */,
				7DC2DDD11AAFC18D00EE84B0 /* LaunchScreen.xib */,
				7DC2DDC21AAFC18D00EE84B0 /* Supporting Files */,
			);
			path = "私人通讯录";
			sourceTree = "<group>";
		};
		7DC2DDC21AAFC18D00EE84B0 /* Supporting Files */ = {
			isa = PBXGroup;
			children = (
				7DC2DDC31AAFC18D00EE84B0 /* Info.plist */,
				7DC2DDC41AAFC18D00EE84B0 /* main.m */,
			);
			name = "Supporting Files";
			sourceTree = "<group>";
		};
		7DC2DDDB1AAFC18D00EE84B0 /* 私人通讯录Tests */ = {
			isa = PBXGroup;
			children = (
				7DC2DDDE1AAFC18D00EE84B0 /* _____Tests.m */,
				7DC2DDDC1AAFC18D00EE84B0 /* Supporting Files */,
			);
			path = "私人通讯录Tests";
			sourceTree = "<group>";
		};
		7DC2DDDC1AAFC18D00EE84B0 /* Supporting Files */ = {
			isa = PBXGroup;
			children = (
				7DC2DDDD1AAFC18D00EE84B0 /* Info.plist */,
			);
			name = "Supporting Files";
			sourceTree = "<group>";
		};
		7DC2DDE81AAFC27600EE84B0 /* Model */ = {
			isa = PBXGroup;
			children = (
				7DC2DDFE1AAFFBAD00EE84B0 /* NJContatc.h */,
				7DC2DDFF1AAFFBAD00EE84B0 /* NJContatc.m */,
			);
			name = Model;
			sourceTree = "<group>";
		};
		7DC2DDE91AAFC27F00EE84B0 /* Controller */ = {
			isa = PBXGroup;
			children = (
				7DC2DDC91AAFC18D00EE84B0 /* ViewController.h */,
				7DC2DDCA1AAFC18D00EE84B0 /* ViewController.m */,
				7DC2DDCC1AAFC18D00EE84B0 /* Main.storyboard */,
				7DC2DDEB1AAFC2BE00EE84B0 /* JHLoginViewController.h */,
				7DC2DDEC1AAFC2BE00EE84B0 /* JHLoginViewController.m */,
				7DC2DDEE1AAFC2D700EE84B0 /* JHAddViewController.h */,
				7DC2DDEF1AAFC2D700EE84B0 /* JHAddViewController.m */,
				7DC2DDF11AAFC2EA00EE84B0 /* JHEditViewController.h */,
				7DC2DDF21AAFC2EA00EE84B0 /* JHEditViewController.m */,
				7DC5F8F81AB05970004F07D3 /* JHTableViewCell.h */,
				7DC5F8F91AB05970004F07D3 /* JHTableViewCell.m */,
				7DC2DDF41AAFC32700EE84B0 /* JHContatesViewController.h */,
				7DC2DDF51AAFC32700EE84B0 /* JHContatesViewController.m */,
			);
			name = Controller;
			sourceTree = "<group>";
		};
		7DC2DDEA1AAFC28A00EE84B0 /* Other */ = {
			isa = PBXGroup;
			children = (
				7DC2DDC61AAFC18D00EE84B0 /* AppDelegate.h */,
				7DC2DDC71AAFC18D00EE84B0 /* AppDelegate.m */,
			);
			name = Other;
			sourceTree = "<group>";
		};
		7DC2DDF71AAFE09C00EE84B0 /* MBProgressHUD */ = {
			isa = PBXGroup;
			children = (
				7DC2DDF81AAFE0EA00EE84B0 /* MBProgressHUD.h */,
				7DC2DDF91AAFE0EA00EE84B0 /* MBProgressHUD.m */,
				7DC2DDFB1AAFE12700EE84B0 /* MBProgressHUD+JH.h */,
				7DC2DDFC1AAFE12700EE84B0 /* MBProgressHUD+JH.m */,
			);
			name = MBProgressHUD;
			sourceTree = "<group>";
		};
/* End PBXGroup section */

/* Begin PBXNativeTarget section */
		7DC2DDBE1AAFC18D00EE84B0 /* 私人通讯录 */ = {
			isa = PBXNativeTarget;
			buildConfigurationList = 7DC2DDE21AAFC18D00EE84B0 /* Build configuration list for PBXNativeTarget "私人通讯录" */;
			buildPhases = (
				7DC2DDBB1AAFC18D00EE84B0 /* Sources */,
				7DC2DDBC1AAFC18D00EE84B0 /* Frameworks */,
				7DC2DDBD1AAFC18D00EE84B0 /* Resources */,
			);
			buildRules = (
			);
			dependencies = (
			);
			name = "私人通讯录";
			productName = "私人通讯录";
			productReference = 7DC2DDBF1AAFC18D00EE84B0 /* 私人通讯录.app */;
			productType = "com.apple.product-type.application";
		};
		7DC2DDD71AAFC18D00EE84B0 /* 私人通讯录Tests */ = {
			isa = PBXNativeTarget;
			buildConfigurationList = 7DC2DDE51AAFC18D00EE84B0 /* Build configuration list for PBXNativeTarget "私人通讯录Tests" */;
			buildPhases = (
				7DC2DDD41AAFC18D00EE84B0 /* Sources */,
				7DC2DDD51AAFC18D00EE84B0 /* Frameworks */,
				7DC2DDD61AAFC18D00EE84B0 /* Resources */,
			);
			buildRules = (
			);
			dependencies = (
				7DC2DDDA1AAFC18D00EE84B0 /* PBXTargetDependency */,
			);
			name = "私人通讯录Tests";
			productName = "私人通讯录Tests";
			productReference = 7DC2DDD81AAFC18D00EE84B0 /* 私人通讯录Tests.xctest */;
			productType = "com.apple.product-type.bundle.unit-test";
		};
/* End PBXNativeTarget section */

/* Begin PBXProject section */
		7DC2DDB71AAFC18D00EE84B0 /* Project object */ = {
			isa = PBXProject;
			attributes = {
				LastUpgradeCheck = 0610;
				ORGANIZATIONNAME = jinheng;
				TargetAttributes = {
					7DC2DDBE1AAFC18D00EE84B0 = {
						CreatedOnToolsVersion = 6.1.1;
					};
					7DC2DDD71AAFC18D00EE84B0 = {
						CreatedOnToolsVersion = 6.1.1;
						TestTargetID = 7DC2DDBE1AAFC18D00EE84B0;
					};
				};
			};
			buildConfigurationList = 7DC2DDBA1AAFC18D00EE84B0 /* Build configuration list for PBXProject "私人通讯录" */;
			compatibilityVersion = "Xcode 3.2";
			developmentRegion = English;
			hasScannedForEncodings = 0;
			knownRegions = (
				en,
				Base,
			);
			mainGroup = 7DC2DDB61AAFC18D00EE84B0;
			productRefGroup = 7DC2DDC01AAFC18D00EE84B0 /* Products */;
			projectDirPath = "";
			projectRoot = "";
			targets = (
				7DC2DDBE1AAFC18D00EE84B0 /* 私人通讯录 */,
				7DC2DDD71AAFC18D00EE84B0 /* 私人通讯录Tests */,
			);
		};
/* End PBXProject section */

/* Begin PBXResourcesBuildPhase section */
		7DC2DDBD1AAFC18D00EE84B0 /* Resources */ = {
			isa = PBXResourcesBuildPhase;
			buildActionMask = 2147483647;
			files = (
				7DC2DDCE1AAFC18D00EE84B0 /* Main.storyboard in Resources */,
				7DC2DDD31AAFC18D00EE84B0 /* LaunchScreen.xib in Resources */,
				7DC2DDD01AAFC18D00EE84B0 /* Images.xcassets in Resources */,
			);
			runOnlyForDeploymentPostprocessing = 0;
		};
		7DC2DDD61AAFC18D00EE84B0 /* Resources */ = {
			isa = PBXResourcesBuildPhase;
			buildActionMask = 2147483647;
			files = (
			);
			runOnlyForDeploymentPostprocessing = 0;
		};
/* End PBXResourcesBuildPhase section */

/* Begin PBXSourcesBuildPhase section */
		7DC2DDBB1AAFC18D00EE84B0 /* Sources */ = {
			isa = PBXSourcesBuildPhase;
			buildActionMask = 2147483647;
			files = (
				7DC2DDED1AAFC2BE00EE84B0 /* JHLoginViewController.m in Sources */,
				7DC2DDCB1AAFC18D00EE84B0 /* ViewController.m in Sources */,
				7DC2DDF31AAFC2EA00EE84B0 /* JHEditViewController.m in Sources */,
				7DC5F8FA1AB05970004F07D3 /* JHTableViewCell.m in Sources */,
				7DC2DDC81AAFC18D00EE84B0 /* AppDelegate.m in Sources */,
				7DC2DDF01AAFC2D700EE84B0 /* JHAddViewController.m in Sources */,
				7DC2DDFD1AAFE12700EE84B0 /* MBProgressHUD+JH.m in Sources */,
				7DC2DE001AAFFBAD00EE84B0 /* NJContatc.m in Sources */,
				7DC2DDC51AAFC18D00EE84B0 /* main.m in Sources */,
				7DC2DDF61AAFC32700EE84B0 /* JHContatesViewController.m in Sources */,
				7DC2DDFA1AAFE0EA00EE84B0 /* MBProgressHUD.m in Sources */,
			);
			runOnlyForDeploymentPostprocessing = 0;
		};
		7DC2DDD41AAFC18D00EE84B0 /* Sources */ = {
			isa = PBXSourcesBuildPhase;
			buildActionMask = 2147483647;
			files = (
				7DC2DDDF1AAFC18D00EE84B0 /* _____Tests.m in Sources */,
			);
			runOnlyForDeploymentPostprocessing = 0;
		};
/* End PBXSourcesBuildPhase section */

/* Begin PBXTargetDependency section */
		7DC2DDDA1AAFC18D00EE84B0 /* PBXTargetDependency */ = {
			isa = PBXTargetDependency;
			target = 7DC2DDBE1AAFC18D00EE84B0 /* 私人通讯录 */;
			targetProxy = 7DC2DDD91AAFC18D00EE84B0 /* PBXContainerItemProxy */;
		};
/* End PBXTargetDependency section */

/* Begin PBXVariantGroup section */
		7DC2DDCC1AAFC18D00EE84B0 /* Main.storyboard */ = {
			isa = PBXVariantGroup;
			children = (
				7DC2DDCD1AAFC18D00EE84B0 /* Base */,
			);
			name = Main.storyboard;
			sourceTree = "<group>";
		};
		7DC2DDD11AAFC18D00EE84B0 /* LaunchScreen.xib */ = {
			isa = PBXVariantGroup;
			children = (
				7DC2DDD21AAFC18D00EE84B0 /* Base */,
			);
			name = LaunchScreen.xib;
			sourceTree = "<group>";
		};
/* End PBXVariantGroup section */

/* Begin XCBuildConfiguration section */
		7DC2DDE01AAFC18D00EE84B0 /* Debug */ = {
			isa = XCBuildConfiguration;
			buildSettings = {
				ALWAYS_SEARCH_USER_PATHS = NO;
				CLANG_CXX_LANGUAGE_STANDARD = "gnu++0x";
				CLANG_CXX_LIBRARY = "libc++";
				CLANG_ENABLE_MODULES = YES;
				CLANG_ENABLE_OBJC_ARC = YES;
				CLANG_WARN_BOOL_CONVERSION = YES;
				CLANG_WARN_CONSTANT_CONVERSION = YES;
				CLANG_WARN_DIRECT_OBJC_ISA_USAGE = YES_ERROR;
				CLANG_WARN_EMPTY_BODY = YES;
				CLANG_WARN_ENUM_CONVERSION = YES;
				CLANG_WARN_INT_CONVERSION = YES;
				CLANG_WARN_OBJC_ROOT_CLASS = YES_ERROR;
				CLANG_WARN_UNREACHABLE_CODE = YES;
				CLANG_WARN__DUPLICATE_METHOD_MATCH = YES;
				"CODE_SIGN_IDENTITY[sdk=iphoneos*]" = "iPhone Developer";
				COPY_PHASE_STRIP = NO;
				ENABLE_STRICT_OBJC_MSGSEND = YES;
				GCC_C_LANGUAGE_STANDARD = gnu99;
				GCC_DYNAMIC_NO_PIC = NO;
				GCC_OPTIMIZATION_LEVEL = 0;
				GCC_PREPROCESSOR_DEFINITIONS = (
					"DEBUG=1",
					"$(inherited)",
				);
				GCC_SYMBOLS_PRIVATE_EXTERN = NO;
				GCC_WARN_64_TO_32_BIT_CONVERSION = YES;
				GCC_WARN_ABOUT_RETURN_TYPE = YES_ERROR;
				GCC_WARN_UNDECLARED_SELECTOR = YES;
				GCC_WARN_UNINITIALIZED_AUTOS = YES_AGGRESSIVE;
				GCC_WARN_UNUSED_FUNCTION = YES;
				GCC_WARN_UNUSED_VARIABLE = YES;
				IPHONEOS_DEPLOYMENT_TARGET = 8.1;
				MTL_ENABLE_DEBUG_INFO = YES;
				ONLY_ACTIVE_ARCH = YES;
				SDKROOT = iphoneos;
			};
			name = Debug;
		};
		7DC2DDE11AAFC18D00EE84B0 /* Release */ = {
			isa = XCBuildConfiguration;
			buildSettings = {
				ALWAYS_SEARCH_USER_PATHS = NO;
				CLANG_CXX_LANGUAGE_STANDARD = "gnu++0x";
				CLANG_CXX_LIBRARY = "libc++";
				CLANG_ENABLE_MODULES = YES;
				CLANG_ENABLE_OBJC_ARC = YES;
				CLANG_WARN_BOOL_CONVERSION = YES;
				CLANG_WARN_CONSTANT_CONVERSION = YES;
				CLANG_WARN_DIRECT_OBJC_ISA_USAGE = YES_ERROR;
				CLANG_WARN_EMPTY_BODY = YES;
				CLANG_WARN_ENUM_CONVERSION = YES;
				CLANG_WARN_INT_CONVERSION = YES;
				CLANG_WARN_OBJC_ROOT_CLASS = YES_ERROR;
				CLANG_WARN_UNREACHABLE_CODE = YES;
				CLANG_WARN__DUPLICATE_METHOD_MATCH = YES;
				"CODE_SIGN_IDENTITY[sdk=iphoneos*]" = "iPhone Developer";
				COPY_PHASE_STRIP = YES;
				ENABLE_NS_ASSERTIONS = NO;
				ENABLE_STRICT_OBJC_MSGSEND = YES;
				GCC_C_LANGUAGE_STANDARD = gnu99;
				GCC_WARN_64_TO_32_BIT_CONVERSION = YES;
				GCC_WARN_ABOUT_RETURN_TYPE = YES_ERROR;
				GCC_WARN_UNDECLARED_SELECTOR = YES;
				GCC_WARN_UNINITIALIZED_AUTOS = YES_AGGRESSIVE;
				GCC_WARN_UNUSED_FUNCTION = YES;
				GCC_WARN_UNUSED_VARIABLE = YES;
				IPHONEOS_DEPLOYMENT_TARGET = 8.1;
				MTL_ENABLE_DEBUG_INFO = NO;
				SDKROOT = iphoneos;
				VALIDATE_PRODUCT = YES;
			};
			name = Release;
		};
		7DC2DDE31AAFC18D00EE84B0 /* Debug */ = {
			isa = XCBuildConfiguration;
			buildSettings = {
				ASSETCATALOG_COMPILER_APPICON_NAME = AppIcon;
				INFOPLIST_FILE = "私人通讯录/Info.plist";
				LD_RUNPATH_SEARCH_PATHS = "$(inherited) @executable_path/Frameworks";
				PRODUCT_NAME = "$(TARGET_NAME)";
			};
			name = Debug;
		};
		7DC2DDE41AAFC18D00EE84B0 /* Release */ = {
			isa = XCBuildConfiguration;
			buildSettings = {
				ASSETCATALOG_COMPILER_APPICON_NAME = AppIcon;
				INFOPLIST_FILE = "私人通讯录/Info.plist";
				LD_RUNPATH_SEARCH_PATHS = "$(inherited) @executable_path/Frameworks";
				PRODUCT_NAME = "$(TARGET_NAME)";
			};
			name = Release;
		};
		7DC2DDE61AAFC18D00EE84B0 /* Debug */ = {
			isa = XCBuildConfiguration;
			buildSettings = {
				BUNDLE_LOADER = "$(TEST_HOST)";
				FRAMEWORK_SEARCH_PATHS = (
					"$(SDKROOT)/Developer/Library/Frameworks",
					"$(inherited)",
				);
				GCC_PREPROCESSOR_DEFINITIONS = (
					"DEBUG=1",
					"$(inherited)",
				);
				INFOPLIST_FILE = "私人通讯录Tests/Info.plist";
				LD_RUNPATH_SEARCH_PATHS = "$(inherited) @executable_path/Frameworks @loader_path/Frameworks";
				PRODUCT_NAME = "$(TARGET_NAME)";
				TEST_HOST = "$(BUILT_PRODUCTS_DIR)/私人通讯录.app/私人通讯录";
			};
			name = Debug;
		};
		7DC2DDE71AAFC18D00EE84B0 /* Release */ = {
			isa = XCBuildConfiguration;
			buildSettings = {
				BUNDLE_LOADER = "$(TEST_HOST)";
				FRAMEWORK_SEARCH_PATHS = (
					"$(SDKROOT)/Developer/Library/Frameworks",
					"$(inherited)",
				);
				INFOPLIST_FILE = "私人通讯录Tests/Info.plist";
				LD_RUNPATH_SEARCH_PATHS = "$(inherited) @executable_path/Frameworks @loader_path/Frameworks";
				PRODUCT_NAME = "$(TARGET_NAME)";
				TEST_HOST = "$(BUILT_PRODUCTS_DIR)/私人通讯录.app/私人通讯录";
			};
			name = Release;
		};
/* End XCBuildConfiguration section */

/* Begin XCConfigurationList section */
		7DC2DDBA1AAFC18D00EE84B0 /* Build configuration list for PBXProject "私人通讯录" */ = {
			isa = XCConfigurationList;
			buildConfigurations = (
				7DC2DDE01AAFC18D00EE84B0 /* Debug */,
				7DC2DDE11AAFC18D00EE84B0 /* Release */,
			);
			defaultConfigurationIsVisible = 0;
			defaultConfigurationName = Release;
		};
		7DC2DDE21AAFC18D00EE84B0 /* Build configuration list for PBXNativeTarget "私人通讯录" */ = {
			isa = XCConfigurationList;
			buildConfigurations = (
				7DC2DDE31AAFC18D00EE84B0 /* Debug */,
				7DC2DDE41AAFC18D00EE84B0 /* Release */,
			);
			defaultConfigurationIsVisible = 0;
			defaultConfigurationName = Release;
		};
		7DC2DDE51AAFC18D00EE84B0 /* Build configuration list for PBXNativeTarget "私人通讯录Tests" */ = {
			isa = XCConfigurationList;
			buildConfigurations = (
				7DC2DDE61AAFC18D00EE84B0 /* Debug */,
				7DC2DDE71AAFC18D00EE84B0 /* Release */,
			);
			defaultConfigurationIsVisible = 0;
			defaultConfigurationName = Release;
		};
/* End XCConfigurationList section */
	};
	rootObject = 7DC2DDB71AAFC18D00EE84B0 /* Project object */;
}
